
Microsoft Visual Studio Solution File, Format Version 12.00
# Visual Studio Version 16
VisualStudioVersion = 16.0.30011.22
MinimumVisualStudioVersion = 10.0.40219.1
Project("{8BC9CEB8-8B4A-11D0-8D11-00A0C91BC942}") = "ProgramOptions", "ProgramOptions\ProgramOptions.vcxproj", "{DD124874-9B6C-4F48-9CA4-A2148D1272BD}"
EndProject
Project("{8BC9CEB8-8B4A-11D0-8D11-00A0C91BC942}") = "ProgramOptionsTest", "ProgramOptionsTest\ProgramOptionsTest.vcxproj", "{96C8AC80-60D4-44B7-8E05-25BD0E8795B9}"
EndProject
Project("{8BC9CEB8-8B4A-11D0-8D11-00A0C91BC942}") = "ProgramOptionsManual", "ProgramOptionsManual\ProgramOptionsManual.vcxproj", "{C7C8262B-AE62-429A-9519-E15DECF306C9}"
EndProject
Global
	GlobalSection(SolutionConfigurationPlatforms) = preSolution
		Debug|x64 = Debug|x64
		Debug|x86 = Debug|x86
		LLVMDebug|x64 = LLVMDebug|x64
		LLVMDebug|x86 = LLVMDebug|x86
		LLVMRelease|x64 = LLVMRelease|x64
		LLVMRelease|x86 = LLVMRelease|x86
		Release|x64 = Release|x64
		Release|x86 = Release|x86
	EndGlobalSection
	GlobalSection(ProjectConfigurationPlatforms) = postSolution
		{DD124874-9B6C-4F48-9CA4-A2148D1272BD}.Debug|x64.ActiveCfg = Debug|x64
		{DD124874-9B6C-4F48-9CA4-A2148D1272BD}.Debug|x64.Build.0 = Debug|x64
		{DD124874-9B6C-4F48-9CA4-A2148D1272BD}.Debug|x86.ActiveCfg = Debug|Win32
		{DD124874-9B6C-4F48-9CA4-A2148D1272BD}.Debug|x86.Build.0 = Debug|Win32
		{DD124874-9B6C-4F48-9CA4-A2148D1272BD}.LLVMDebug|x64.ActiveCfg = LLVMDebug|x64
		{DD124874-9B6C-4F48-9CA4-A2148D1272BD}.LLVMDebug|x64.Build.0 = LLVMDebug|x64
		{DD124874-9B6C-4F48-9CA4-A2148D1272BD}.LLVMDebug|x86.ActiveCfg = LLVMDebug|Win32
		{DD124874-9B6C-4F48-9CA4-A2148D1272BD}.LLVMDebug|x86.Build.0 = LLVMDebug|Win32
		{DD124874-9B6C-4F48-9CA4-A2148D1272BD}.LLVMRelease|x64.ActiveCfg = LLVMReleaser|x64
		{DD124874-9B6C-4F48-9CA4-A2148D1272BD}.LLVMRelease|x64.Build.0 = LLVMReleaser|x64
		{DD124874-9B6C-4F48-9CA4-A2148D1272BD}.LLVMRelease|x86.ActiveCfg = LLVMReleaser|Win32
		{DD124874-9B6C-4F48-9CA4-A2148D1272BD}.LLVMRelease|x86.Build.0 = LLVMReleaser|Win32
		{DD124874-9B6C-4F48-9CA4-A2148D1272BD}.Release|x64.ActiveCfg = Release|x64
		{DD124874-9B6C-4F48-9CA4-A2148D1272BD}.Release|x64.Build.0 = Release|x64
		{DD124874-9B6C-4F48-9CA4-A2148D1272BD}.Release|x86.ActiveCfg = Release|Win32
		{DD124874-9B6C-4F48-9CA4-A2148D1272BD}.Release|x86.Build.0 = Release|Win32
		{96C8AC80-60D4-44B7-8E05-25BD0E8795B9}.Debug|x64.ActiveCfg = Debug|x64
		{96C8AC80-60D4-44B7-8E05-25BD0E8795B9}.Debug|x64.Build.0 = Debug|x64
		{96C8AC80-60D4-44B7-8E05-25BD0E8795B9}.Debug|x86.ActiveCfg = Debug|Win32
		{96C8AC80-60D4-44B7-8E05-25BD0E8795B9}.Debug|x86.Build.0 = Debug|Win32
		{96C8AC80-60D4-44B7-8E05-25BD0E8795B9}.LLVMDebug|x64.ActiveCfg = LLVMDebug|x64
		{96C8AC80-60D4-44B7-8E05-25BD0E8795B9}.LLVMDebug|x64.Build.0 = LLVMDebug|x64
		{96C8AC80-60D4-44B7-8E05-25BD0E8795B9}.LLVMDebug|x86.ActiveCfg = LLVMDebug|Win32
		{96C8AC80-60D4-44B7-8E05-25BD0E8795B9}.LLVMDebug|x86.Build.0 = LLVMDebug|Win32
		{96C8AC80-60D4-44B7-8E05-25BD0E8795B9}.LLVMRelease|x64.ActiveCfg = LLVMReleaser|x64
		{96C8AC80-60D4-44B7-8E05-25BD0E8795B9}.LLVMRelease|x64.Build.0 = LLVMReleaser|x64
		{96C8AC80-60D4-44B7-8E05-25BD0E8795B9}.LLVMRelease|x86.ActiveCfg = LLVMReleaser|Win32
		{96C8AC80-60D4-44B7-8E05-25BD0E8795B9}.LLVMRelease|x86.Build.0 = LLVMReleaser|Win32
		{96C8AC80-60D4-44B7-8E05-25BD0E8795B9}.Release|x64.ActiveCfg = Release|x64
		{96C8AC80-60D4-44B7-8E05-25BD0E8795B9}.Release|x64.Build.0 = Release|x64
		{96C8AC80-60D4-44B7-8E05-25BD0E8795B9}.Release|x86.ActiveCfg = Release|Win32
		{96C8AC80-60D4-44B7-8E05-25BD0E8795B9}.Release|x86.Build.0 = Release|Win32
		{C7C8262B-AE62-429A-9519-E15DECF306C9}.Debug|x64.ActiveCfg = Debug|x64
		{C7C8262B-AE62-429A-9519-E15DECF306C9}.Debug|x64.Build.0 = Debug|x64
		{C7C8262B-AE62-429A-9519-E15DECF306C9}.Debug|x86.ActiveCfg = Debug|Win32
		{C7C8262B-AE62-429A-9519-E15DECF306C9}.Debug|x86.Build.0 = Debug|Win32
		{C7C8262B-AE62-429A-9519-E15DECF306C9}.LLVMDebug|x64.ActiveCfg = LLVMDebug|x64
		{C7C8262B-AE62-429A-9519-E15DECF306C9}.LLVMDebug|x64.Build.0 = LLVMDebug|x64
		{C7C8262B-AE62-429A-9519-E15DECF306C9}.LLVMDebug|x86.ActiveCfg = LLVMDebug|Win32
		{C7C8262B-AE62-429A-9519-E15DECF306C9}.LLVMDebug|x86.Build.0 = LLVMDebug|Win32
		{C7C8262B-AE62-429A-9519-E15DECF306C9}.LLVMRelease|x64.ActiveCfg = LLVMReleaser|x64
		{C7C8262B-AE62-429A-9519-E15DECF306C9}.LLVMRelease|x64.Build.0 = LLVMReleaser|x64
		{C7C8262B-AE62-429A-9519-E15DECF306C9}.LLVMRelease|x86.ActiveCfg = LLVMReleaser|Win32
		{C7C8262B-AE62-429A-9519-E15DECF306C9}.LLVMRelease|x86.Build.0 = LLVMReleaser|Win32
		{C7C8262B-AE62-429A-9519-E15DECF306C9}.Release|x64.ActiveCfg = Release|x64
		{C7C8262B-AE62-429A-9519-E15DECF306C9}.Release|x64.Build.0 = Release|x64
		{C7C8262B-AE62-429A-9519-E15DECF306C9}.Release|x86.ActiveCfg = Release|Win32
		{C7C8262B-AE62-429A-9519-E15DECF306C9}.Release|x86.Build.0 = Release|Win32
	EndGlobalSection
	GlobalSection(SolutionProperties) = preSolution
		HideSolutionNode = FALSE
	EndGlobalSection
	GlobalSection(ExtensibilityGlobals) = postSolution
		SolutionGuid = {1291CD15-5DA6-43C6-80BD-A8087AC5C52B}
	EndGlobalSection
EndGlobal
